using System;
using System.Collections.Generic;
using System.Linq;
using System.Text;
using System.Threading.Tasks;

namespace ConsoleApplication2
{
    class Program
    {
        static void Main(string[] args)
        {
            int n = 0; 

            
            // 產生亂數物件

            Random rand = new Random();




            // 顯示
            while (n < 10)
            {
                
            // 用亂數物件產生亂數

            int r1 = rand.Next(0 , 43);
            int r2 = rand.Next(0 , 43);
            int r3 = rand.Next(0 , 43);  
            int r4 = rand.Next(0 , 43);
            int r5 = rand.Next(0 , 43);
            int r6 = rand.Next(0 , 43);
                Console.WriteLine("號碼:[{0:00}] {1:00} {2:00} {3:00} {4:00} {5:00} ",n, r1, r2, r3, r4, r5, r6);
                n++; 
            }
            // 防止視窗自動關閉
           

            Console.ReadLine();


        }
        
    }
}
